// !$*UTF8*$!
{
	archiveVersion = 1;
	classes = {
	};
	objectVersion = 56;
	objects = {

/* Begin PBXBuildFile section */
		2FAE925F298255F3004A517D /* AppDelegate.swift in Sources */ = {isa = PBXBuildFile; fileRef = 2FAE925E298255F3004A517D /* AppDelegate.swift */; };
		2FAE9261298255F3004A517D /* SceneDelegate.swift in Sources */ = {isa = PBXBuildFile; fileRef = 2FAE9260298255F3004A517D /* SceneDelegate.swift */; };
		2FAE9263298255F3004A517D /* MainViewController.swift in Sources */ = {isa = PBXBuildFile; fileRef = 2FAE9262298255F3004A517D /* MainViewController.swift */; };
		2FAE9268298255F3004A517D /* Assets.xcassets in Resources */ = {isa = PBXBuildFile; fileRef = 2FAE9267298255F3004A517D /* Assets.xcassets */; };
		2FAE926B298255F3004A517D /* LaunchScreen.storyboard in Resources */ = {isa = PBXBuildFile; fileRef = 2FAE9269298255F3004A517D /* LaunchScreen.storyboard */; };
		2FAE927429825649004A517D /* SnapKit in Frameworks */ = {isa = PBXBuildFile; productRef = 2FAE927329825649004A517D /* SnapKit */; };
		2FAE927629825BE6004A517D /* LoginViewController.swift in Sources */ = {isa = PBXBuildFile; fileRef = 2FAE927529825BE6004A517D /* LoginViewController.swift */; };
		2FAE9279298266C0004A517D /* Protocol +.swift in Sources */ = {isa = PBXBuildFile; fileRef = 2FAE9278298266C0004A517D /* Protocol +.swift */; };
		2FAE927B298266FA004A517D /* AppCoordinator.swift in Sources */ = {isa = PBXBuildFile; fileRef = 2FAE927A298266FA004A517D /* AppCoordinator.swift */; };
		2FAE927E298269EC004A517D /* MainCoordinator.swift in Sources */ = {isa = PBXBuildFile; fileRef = 2FAE927D298269EC004A517D /* MainCoordinator.swift */; };
		2FAE928129827171004A517D /* LoginCoordinator.swift in Sources */ = {isa = PBXBuildFile; fileRef = 2FAE928029827171004A517D /* LoginCoordinator.swift */; };
		2FCCB6F9298502A800DCDE98 /* FirstViewController.swift in Sources */ = {isa = PBXBuildFile; fileRef = 2FCCB6F8298502A800DCDE98 /* FirstViewController.swift */; };
		2FCCB6FB298502DC00DCDE98 /* FirstView.swift in Sources */ = {isa = PBXBuildFile; fileRef = 2FCCB6FA298502DC00DCDE98 /* FirstView.swift */; };
		2FCCB6FD2985030D00DCDE98 /* FirstCoordinator.swift in Sources */ = {isa = PBXBuildFile; fileRef = 2FCCB6FC2985030D00DCDE98 /* FirstCoordinator.swift */; };
		2FCCB6FF2985063900DCDE98 /* SecondViewController.swift in Sources */ = {isa = PBXBuildFile; fileRef = 2FCCB6FE2985063900DCDE98 /* SecondViewController.swift */; };
		2FCCB7012985064600DCDE98 /* SecondView.swift in Sources */ = {isa = PBXBuildFile; fileRef = 2FCCB7002985064600DCDE98 /* SecondView.swift */; };
		2FCCB7032985064E00DCDE98 /* SecondCoordinator.swift in Sources */ = {isa = PBXBuildFile; fileRef = 2FCCB7022985064E00DCDE98 /* SecondCoordinator.swift */; };
/* End PBXBuildFile section */

/* Begin PBXFileReference section */
		2FAE925B298255F3004A517D /* CoordinatorPatternPractice.app */ = {isa = PBXFileReference; explicitFileType = wrapper.application; includeInIndex = 0; path = CoordinatorPatternPractice.app; sourceTree = BUILT_PRODUCTS_DIR; };
		2FAE925E298255F3004A517D /* AppDelegate.swift */ = {isa = PBXFileReference; lastKnownFileType = sourcecode.swift; path = AppDelegate.swift; sourceTree = "<group>"; };
		2FAE9260298255F3004A517D /* SceneDelegate.swift */ = {isa = PBXFileReference; lastKnownFileType = sourcecode.swift; path = SceneDelegate.swift; sourceTree = "<group>"; };
		2FAE9262298255F3004A517D /* MainViewController.swift */ = {isa = PBXFileReference; lastKnownFileType = sourcecode.swift; path = MainViewController.swift; sourceTree = "<group>"; };
		2FAE9267298255F3004A517D /* Assets.xcassets */ = {isa = PBXFileReference; lastKnownFileType = folder.assetcatalog; path = Assets.xcassets; sourceTree = "<group>"; };
		2FAE926A298255F3004A517D /* Base */ = {isa = PBXFileReference; lastKnownFileType = file.storyboard; name = Base; path = Base.lproj/LaunchScreen.storyboard; sourceTree = "<group>"; };
		2FAE926C298255F3004A517D /* Info.plist */ = {isa = PBXFileReference; lastKnownFileType = text.plist.xml; path = Info.plist; sourceTree = "<group>"; };
		2FAE927529825BE6004A517D /* LoginViewController.swift */ = {isa = PBXFileReference; lastKnownFileType = sourcecode.swift; path = LoginViewController.swift; sourceTree = "<group>"; };
		2FAE9278298266C0004A517D /* Protocol +.swift */ = {isa = PBXFileReference; lastKnownFileType = sourcecode.swift; path = "Protocol +.swift"; sourceTree = "<group>"; };
		2FAE927A298266FA004A517D /* AppCoordinator.swift */ = {isa = PBXFileReference; lastKnownFileType = sourcecode.swift; path = AppCoordinator.swift; sourceTree = "<group>"; };
		2FAE927D298269EC004A517D /* MainCoordinator.swift */ = {isa = PBXFileReference; lastKnownFileType = sourcecode.swift; path = MainCoordinator.swift; sourceTree = "<group>"; };
		2FAE928029827171004A517D /* LoginCoordinator.swift */ = {isa = PBXFileReference; lastKnownFileType = sourcecode.swift; path = LoginCoordinator.swift; sourceTree = "<group>"; };
		2FCCB6F8298502A800DCDE98 /* FirstViewController.swift */ = {isa = PBXFileReference; lastKnownFileType = sourcecode.swift; path = FirstViewController.swift; sourceTree = "<group>"; };
		2FCCB6FA298502DC00DCDE98 /* FirstView.swift */ = {isa = PBXFileReference; lastKnownFileType = sourcecode.swift; path = FirstView.swift; sourceTree = "<group>"; };
		2FCCB6FC2985030D00DCDE98 /* FirstCoordinator.swift */ = {isa = PBXFileReference; lastKnownFileType = sourcecode.swift; path = FirstCoordinator.swift; sourceTree = "<group>"; };
		2FCCB6FE2985063900DCDE98 /* SecondViewController.swift */ = {isa = PBXFileReference; lastKnownFileType = sourcecode.swift; path = SecondViewController.swift; sourceTree = "<group>"; };
		2FCCB7002985064600DCDE98 /* SecondView.swift */ = {isa = PBXFileReference; lastKnownFileType = sourcecode.swift; path = SecondView.swift; sourceTree = "<group>"; };
		2FCCB7022985064E00DCDE98 /* SecondCoordinator.swift */ = {isa = PBXFileReference; lastKnownFileType = sourcecode.swift; path = SecondCoordinator.swift; sourceTree = "<group>"; };
/* End PBXFileReference section */

/* Begin PBXFrameworksBuildPhase section */
		2FAE9258298255F3004A517D /* Frameworks */ = {
			isa = PBXFrameworksBuildPhase;
			buildActionMask = 2147483647;
			files = (
				2FAE927429825649004A517D /* SnapKit in Frameworks */,
			);
			runOnlyForDeploymentPostprocessing = 0;
		};
/* End PBXFrameworksBuildPhase section */

/* Begin PBXGroup section */
		2FAE9252298255F3004A517D = {
			isa = PBXGroup;
			children = (
				2FAE925D298255F3004A517D /* CoordinatorPatternPractice */,
				2FAE925C298255F3004A517D /* Products */,
			);
			sourceTree = "<group>";
		};
		2FAE925C298255F3004A517D /* Products */ = {
			isa = PBXGroup;
			children = (
				2FAE925B298255F3004A517D /* CoordinatorPatternPractice.app */,
			);
			name = Products;
			sourceTree = "<group>";
		};
		2FAE925D298255F3004A517D /* CoordinatorPatternPractice */ = {
			isa = PBXGroup;
			children = (
				2FCCB6F72985027400DCDE98 /* First */,
				2FCCB6F62985026A00DCDE98 /* Second */,
				2FAE927F2982715D004A517D /* Login */,
				2FAE927C298269CF004A517D /* Main */,
				2FAE92772982669B004A517D /* Coordinator */,
				2FAE925E298255F3004A517D /* AppDelegate.swift */,
				2FAE9260298255F3004A517D /* SceneDelegate.swift */,
				2FAE9267298255F3004A517D /* Assets.xcassets */,
				2FAE9269298255F3004A517D /* LaunchScreen.storyboard */,
				2FAE926C298255F3004A517D /* Info.plist */,
			);
			path = CoordinatorPatternPractice;
			sourceTree = "<group>";
		};
		2FAE92772982669B004A517D /* Coordinator */ = {
			isa = PBXGroup;
			children = (
				2FAE9278298266C0004A517D /* Protocol +.swift */,
				2FAE927A298266FA004A517D /* AppCoordinator.swift */,
			);
			path = Coordinator;
			sourceTree = "<group>";
		};
		2FAE927C298269CF004A517D /* Main */ = {
			isa = PBXGroup;
			children = (
				2FAE9262298255F3004A517D /* MainViewController.swift */,
				2FAE927D298269EC004A517D /* MainCoordinator.swift */,
			);
			path = Main;
			sourceTree = "<group>";
		};
		2FAE927F2982715D004A517D /* Login */ = {
			isa = PBXGroup;
			children = (
				2FAE927529825BE6004A517D /* LoginViewController.swift */,
				2FAE928029827171004A517D /* LoginCoordinator.swift */,
			);
			path = Login;
			sourceTree = "<group>";
		};
		2FCCB6F62985026A00DCDE98 /* Second */ = {
			isa = PBXGroup;
			children = (
				2FCCB6FE2985063900DCDE98 /* SecondViewController.swift */,
				2FCCB7002985064600DCDE98 /* SecondView.swift */,
				2FCCB7022985064E00DCDE98 /* SecondCoordinator.swift */,
			);
			path = Second;
			sourceTree = "<group>";
		};
		2FCCB6F72985027400DCDE98 /* First */ = {
			isa = PBXGroup;
			children = (
				2FCCB6F8298502A800DCDE98 /* FirstViewController.swift */,
				2FCCB6FA298502DC00DCDE98 /* FirstView.swift */,
				2FCCB6FC2985030D00DCDE98 /* FirstCoordinator.swift */,
			);
			path = First;
			sourceTree = "<group>";
		};
/* End PBXGroup section */

/* Begin PBXNativeTarget section */
		2FAE925A298255F3004A517D /* CoordinatorPatternPractice */ = {
			isa = PBXNativeTarget;
			buildConfigurationList = 2FAE926F298255F3004A517D /* Build configuration list for PBXNativeTarget "CoordinatorPatternPractice" */;
			buildPhases = (
				2FAE9257298255F3004A517D /* Sources */,
				2FAE9258298255F3004A517D /* Frameworks */,
				2FAE9259298255F3004A517D /* Resources */,
			);
			buildRules = (
			);
			dependencies = (
			);
			name = CoordinatorPatternPractice;
			packageProductDependencies = (
				2FAE927329825649004A517D /* SnapKit */,
			);
			productName = CoordinatorPatternPractice;
			productReference = 2FAE925B298255F3004A517D /* CoordinatorPatternPractice.app */;
			productType = "com.apple.product-type.application";
		};
/* End PBXNativeTarget section */

/* Begin PBXProject section */
		2FAE9253298255F3004A517D /* Project object */ = {
			isa = PBXProject;
			attributes = {
				BuildIndependentTargetsInParallel = 1;
				LastSwiftUpdateCheck = 1400;
				LastUpgradeCheck = 1400;
				TargetAttributes = {
					2FAE925A298255F3004A517D = {
						CreatedOnToolsVersion = 14.0;
					};
				};
			};
			buildConfigurationList = 2FAE9256298255F3004A517D /* Build configuration list for PBXProject "CoordinatorPatternPractice" */;
			compatibilityVersion = "Xcode 14.0";
			developmentRegion = en;
			hasScannedForEncodings = 0;
			knownRegions = (
				en,
				Base,
			);
			mainGroup = 2FAE9252298255F3004A517D;
			packageReferences = (
				2FAE927229825649004A517D /* XCRemoteSwiftPackageReference "SnapKit" */,
			);
			productRefGroup = 2FAE925C298255F3004A517D /* Products */;
			projectDirPath = "";
			projectRoot = "";
			targets = (
				2FAE925A298255F3004A517D /* CoordinatorPatternPractice */,
			);
		};
/* End PBXProject section */

/* Begin PBXResourcesBuildPhase section */
		2FAE9259298255F3004A517D /* Resources */ = {
			isa = PBXResourcesBuildPhase;
			buildActionMask = 2147483647;
			files = (
				2FAE926B298255F3004A517D /* LaunchScreen.storyboard in Resources */,
				2FAE9268298255F3004A517D /* Assets.xcassets in Resources */,
			);
			runOnlyForDeploymentPostprocessing = 0;
		};
/* End PBXResourcesBuildPhase section */

/* Begin PBXSourcesBuildPhase section */
		2FAE9257298255F3004A517D /* Sources */ = {
			isa = PBXSourcesBuildPhase;
			buildActionMask = 2147483647;
			files = (
				2FCCB6FF2985063900DCDE98 /* SecondViewController.swift in Sources */,
				2FCCB6F9298502A800DCDE98 /* FirstViewController.swift in Sources */,
				2FCCB6FB298502DC00DCDE98 /* FirstView.swift in Sources */,
				2FAE927B298266FA004A517D /* AppCoordinator.swift in Sources */,
				2FCCB7032985064E00DCDE98 /* SecondCoordinator.swift in Sources */,
				2FAE927E298269EC004A517D /* MainCoordinator.swift in Sources */,
				2FCCB6FD2985030D00DCDE98 /* FirstCoordinator.swift in Sources */,
				2FAE9263298255F3004A517D /* MainViewController.swift in Sources */,
				2FAE928129827171004A517D /* LoginCoordinator.swift in Sources */,
				2FAE927629825BE6004A517D /* LoginViewController.swift in Sources */,
				2FAE9279298266C0004A517D /* Protocol +.swift in Sources */,
				2FCCB7012985064600DCDE98 /* SecondView.swift in Sources */,
				2FAE925F298255F3004A517D /* AppDelegate.swift in Sources */,
				2FAE9261298255F3004A517D /* SceneDelegate.swift in Sources */,
			);
			runOnlyForDeploymentPostprocessing = 0;
		};
/* End PBXSourcesBuildPhase section */

/* Begin PBXVariantGroup section */
		2FAE9269298255F3004A517D /* LaunchScreen.storyboard */ = {
			isa = PBXVariantGroup;
			children = (
				2FAE926A298255F3004A517D /* Base */,
			);
			name = LaunchScreen.storyboard;
			sourceTree = "<group>";
		};
/* End PBXVariantGroup section */

/* Begin XCBuildConfiguration section */
		2FAE926D298255F3004A517D /* Debug */ = {
			isa = XCBuildConfiguration;
			buildSettings = {
				ALWAYS_SEARCH_USER_PATHS = NO;
				CLANG_ANALYZER_NONNULL = YES;
				CLANG_ANALYZER_NUMBER_OBJECT_CONVERSION = YES_AGGRESSIVE;
				CLANG_CXX_LANGUAGE_STANDARD = "gnu++20";
				CLANG_ENABLE_MODULES = YES;
				CLANG_ENABLE_OBJC_ARC = YES;
				CLANG_ENABLE_OBJC_WEAK = YES;
				CLANG_WARN_BLOCK_CAPTURE_AUTORELEASING = YES;
				CLANG_WARN_BOOL_CONVERSION = YES;
				CLANG_WARN_COMMA = YES;
				CLANG_WARN_CONSTANT_CONVERSION = YES;
				CLANG_WARN_DEPRECATED_OBJC_IMPLEMENTATIONS = YES;
				CLANG_WARN_DIRECT_OBJC_ISA_USAGE = YES_ERROR;
				CLANG_WARN_DOCUMENTATION_COMMENTS = YES;
				CLANG_WARN_EMPTY_BODY = YES;
				CLANG_WARN_ENUM_CONVERSION = YES;
				CLANG_WARN_INFINITE_RECURSION = YES;
				CLANG_WARN_INT_CONVERSION = YES;
				CLANG_WARN_NON_LITERAL_NULL_CONVERSION = YES;
				CLANG_WARN_OBJC_IMPLICIT_RETAIN_SELF = YES;
				CLANG_WARN_OBJC_LITERAL_CONVERSION = YES;
				CLANG_WARN_OBJC_ROOT_CLASS = YES_ERROR;
				CLANG_WARN_QUOTED_INCLUDE_IN_FRAMEWORK_HEADER = YES;
				CLANG_WARN_RANGE_LOOP_ANALYSIS = YES;
				CLANG_WARN_STRICT_PROTOTYPES = YES;
				CLANG_WARN_SUSPICIOUS_MOVE = YES;
				CLANG_WARN_UNGUARDED_AVAILABILITY = YES_AGGRESSIVE;
				CLANG_WARN_UNREACHABLE_CODE = YES;
				CLANG_WARN__DUPLICATE_METHOD_MATCH = YES;
				COPY_PHASE_STRIP = NO;
				DEBUG_INFORMATION_FORMAT = dwarf;
				ENABLE_STRICT_OBJC_MSGSEND = YES;
				ENABLE_TESTABILITY = YES;
				GCC_C_LANGUAGE_STANDARD = gnu11;
				GCC_DYNAMIC_NO_PIC = NO;
				GCC_NO_COMMON_BLOCKS = YES;
				GCC_OPTIMIZATION_LEVEL = 0;
				GCC_PREPROCESSOR_DEFINITIONS = (
					"DEBUG=1",
					"$(inherited)",
				);
				GCC_WARN_64_TO_32_BIT_CONVERSION = YES;
				GCC_WARN_ABOUT_RETURN_TYPE = YES_ERROR;
				GCC_WARN_UNDECLARED_SELECTOR = YES;
				GCC_WARN_UNINITIALIZED_AUTOS = YES_AGGRESSIVE;
				GCC_WARN_UNUSED_FUNCTION = YES;
				GCC_WARN_UNUSED_VARIABLE = YES;
				IPHONEOS_DEPLOYMENT_TARGET = 16.0;
				MTL_ENABLE_DEBUG_INFO = INCLUDE_SOURCE;
				MTL_FAST_MATH = YES;
				ONLY_ACTIVE_ARCH = YES;
				SDKROOT = iphoneos;
				SWIFT_ACTIVE_COMPILATION_CONDITIONS = DEBUG;
				SWIFT_OPTIMIZATION_LEVEL = "-Onone";
			};
			name = Debug;
		};
		2FAE926E298255F3004A517D /* Release */ = {
			isa = XCBuildConfiguration;
			buildSettings = {
				ALWAYS_SEARCH_USER_PATHS = NO;
				CLANG_ANALYZER_NONNULL = YES;
				CLANG_ANALYZER_NUMBER_OBJECT_CONVERSION = YES_AGGRESSIVE;
				CLANG_CXX_LANGUAGE_STANDARD = "gnu++20";
				CLANG_ENABLE_MODULES = YES;
				CLANG_ENABLE_OBJC_ARC = YES;
				CLANG_ENABLE_OBJC_WEAK = YES;
				CLANG_WARN_BLOCK_CAPTURE_AUTORELEASING = YES;
				CLANG_WARN_BOOL_CONVERSION = YES;
				CLANG_WARN_COMMA = YES;
				CLANG_WARN_CONSTANT_CONVERSION = YES;
				CLANG_WARN_DEPRECATED_OBJC_IMPLEMENTATIONS = YES;
				CLANG_WARN_DIRECT_OBJC_ISA_USAGE = YES_ERROR;
				CLANG_WARN_DOCUMENTATION_COMMENTS = YES;
				CLANG_WARN_EMPTY_BODY = YES;
				CLANG_WARN_ENUM_CONVERSION = YES;
				CLANG_WARN_INFINITE_RECURSION = YES;
				CLANG_WARN_INT_CONVERSION = YES;
				CLANG_WARN_NON_LITERAL_NULL_CONVERSION = YES;
				CLANG_WARN_OBJC_IMPLICIT_RETAIN_SELF = YES;
				CLANG_WARN_OBJC_LITERAL_CONVERSION = YES;
				CLANG_WARN_OBJC_ROOT_CLASS = YES_ERROR;
				CLANG_WARN_QUOTED_INCLUDE_IN_FRAMEWORK_HEADER = YES;
				CLANG_WARN_RANGE_LOOP_ANALYSIS = YES;
				CLANG_WARN_STRICT_PROTOTYPES = YES;
				CLANG_WARN_SUSPICIOUS_MOVE = YES;
				CLANG_WARN_UNGUARDED_AVAILABILITY = YES_AGGRESSIVE;
				CLANG_WARN_UNREACHABLE_CODE = YES;
				CLANG_WARN__DUPLICATE_METHOD_MATCH = YES;
				COPY_PHASE_STRIP = NO;
				DEBUG_INFORMATION_FORMAT = "dwarf-with-dsym";
				ENABLE_NS_ASSERTIONS = NO;
				ENABLE_STRICT_OBJC_MSGSEND = YES;
				GCC_C_LANGUAGE_STANDARD = gnu11;
				GCC_NO_COMMON_BLOCKS = YES;
				GCC_WARN_64_TO_32_BIT_CONVERSION = YES;
				GCC_WARN_ABOUT_RETURN_TYPE = YES_ERROR;
				GCC_WARN_UNDECLARED_SELECTOR = YES;
				GCC_WARN_UNINITIALIZED_AUTOS = YES_AGGRESSIVE;
				GCC_WARN_UNUSED_FUNCTION = YES;
				GCC_WARN_UNUSED_VARIABLE = YES;
				IPHONEOS_DEPLOYMENT_TARGET = 16.0;
				MTL_ENABLE_DEBUG_INFO = NO;
				MTL_FAST_MATH = YES;
				SDKROOT = iphoneos;
				SWIFT_COMPILATION_MODE = wholemodule;
				SWIFT_OPTIMIZATION_LEVEL = "-O";
				VALIDATE_PRODUCT = YES;
			};
			name = Release;
		};
		2FAE9270298255F3004A517D /* Debug */ = {
			isa = XCBuildConfiguration;
			buildSettings = {
				ASSETCATALOG_COMPILER_APPICON_NAME = AppIcon;
				ASSETCATALOG_COMPILER_GLOBAL_ACCENT_COLOR_NAME = AccentColor;
				CODE_SIGN_STYLE = Automatic;
				CURRENT_PROJECT_VERSION = 1;
				DEVELOPMENT_TEAM = LL4R66V6Y3;
				GENERATE_INFOPLIST_FILE = YES;
				INFOPLIST_FILE = CoordinatorPatternPractice/Info.plist;
				INFOPLIST_KEY_UIApplicationSupportsIndirectInputEvents = YES;
				INFOPLIST_KEY_UILaunchStoryboardName = LaunchScreen;
				INFOPLIST_KEY_UIMainStoryboardFile = "";
				INFOPLIST_KEY_UISupportedInterfaceOrientations_iPad = "UIInterfaceOrientationPortrait UIInterfaceOrientationPortraitUpsideDown UIInterfaceOrientationLandscapeLeft UIInterfaceOrientationLandscapeRight";
				INFOPLIST_KEY_UISupportedInterfaceOrientations_iPhone = "UIInterfaceOrientationPortrait UIInterfaceOrientationLandscapeLeft UIInterfaceOrientationLandscapeRight";
				LD_RUNPATH_SEARCH_PATHS = (
					"$(inherited)",
					"@executable_path/Frameworks",
				);
				MARKETING_VERSION = 1.0;
				PRODUCT_BUNDLE_IDENTIFIER = cody.CoordinatorPatternPractice;
				PRODUCT_NAME = "$(TARGET_NAME)";
				SWIFT_EMIT_LOC_STRINGS = YES;
				SWIFT_VERSION = 5.0;
				TARGETED_DEVICE_FAMILY = "1,2";
			};
			name = Debug;
		};
		2FAE9271298255F3004A517D /* Release */ = {
			isa = XCBuildConfiguration;
			buildSettings = {
				ASSETCATALOG_COMPILER_APPICON_NAME = AppIcon;
				ASSETCATALOG_COMPILER_GLOBAL_ACCENT_COLOR_NAME = AccentColor;
				CODE_SIGN_STYLE = Automatic;
				CURRENT_PROJECT_VERSION = 1;
				DEVELOPMENT_TEAM = LL4R66V6Y3;
				GENERATE_INFOPLIST_FILE = YES;
				INFOPLIST_FILE = CoordinatorPatternPractice/Info.plist;
				INFOPLIST_KEY_UIApplicationSupportsIndirectInputEvents = YES;
				INFOPLIST_KEY_UILaunchStoryboardName = LaunchScreen;
				INFOPLIST_KEY_UIMainStoryboardFile = "";
				INFOPLIST_KEY_UISupportedInterfaceOrientations_iPad = "UIInterfaceOrientationPortrait UIInterfaceOrientationPortraitUpsideDown UIInterfaceOrientationLandscapeLeft UIInterfaceOrientationLandscapeRight";
				INFOPLIST_KEY_UISupportedInterfaceOrientations_iPhone = "UIInterfaceOrientationPortrait UIInterfaceOrientationLandscapeLeft UIInterfaceOrientationLandscapeRight";
				LD_RUNPATH_SEARCH_PATHS = (
					"$(inherited)",
					"@executable_path/Frameworks",
				);
				MARKETING_VERSION = 1.0;
				PRODUCT_BUNDLE_IDENTIFIER = cody.CoordinatorPatternPractice;
				PRODUCT_NAME = "$(TARGET_NAME)";
				SWIFT_EMIT_LOC_STRINGS = YES;
				SWIFT_VERSION = 5.0;
				TARGETED_DEVICE_FAMILY = "1,2";
			};
			name = Release;
		};
/* End XCBuildConfiguration section */

/* Begin XCConfigurationList section */
		2FAE9256298255F3004A517D /* Build configuration list for PBXProject "CoordinatorPatternPractice" */ = {
			isa = XCConfigurationList;
			buildConfigurations = (
				2FAE926D298255F3004A517D /* Debug */,
				2FAE926E298255F3004A517D /* Release */,
			);
			defaultConfigurationIsVisible = 0;
			defaultConfigurationName = Release;
		};
		2FAE926F298255F3004A517D /* Build configuration list for PBXNativeTarget "CoordinatorPatternPractice" */ = {
			isa = XCConfigurationList;
			buildConfigurations = (
				2FAE9270298255F3004A517D /* Debug */,
				2FAE9271298255F3004A517D /* Release */,
			);
			defaultConfigurationIsVisible = 0;
			defaultConfigurationName = Release;
		};
/* End XCConfigurationList section */

/* Begin XCRemoteSwiftPackageReference section */
		2FAE927229825649004A517D /* XCRemoteSwiftPackageReference "SnapKit" */ = {
			isa = XCRemoteSwiftPackageReference;
			repositoryURL = "https://github.com/SnapKit/SnapKit.git";
			requirement = {
				kind = upToNextMinorVersion;
				minimumVersion = 5.6.0;
			};
		};
/* End XCRemoteSwiftPackageReference section */

/* Begin XCSwiftPackageProductDependency section */
		2FAE927329825649004A517D /* SnapKit */ = {
			isa = XCSwiftPackageProductDependency;
			package = 2FAE927229825649004A517D /* XCRemoteSwiftPackageReference "SnapKit" */;
			productName = SnapKit;
		};
/* End XCSwiftPackageProductDependency section */
	};
	rootObject = 2FAE9253298255F3004A517D /* Project object */;
}
